
Microsoft Visual Studio Solution File, Format Version 12.00
# Visual Studio Version 17
VisualStudioVersion = 17.7.34018.315
MinimumVisualStudioVersion = 10.0.40219.1
Project("{9A19103F-16F7-4668-BE54-9A1E7A4F7556}") = "DB-First-Approach", "DB-First-Approach\DB-First-Approach.csproj", "{B1A48EA1-92C7-477D-8DFE-549742A22B1F}"
EndProject
Project("{FAE04EC0-301F-11D3-BF4B-00C04F79EFBC}") = "Core", "Core\Core.csproj", "{95376F68-B47E-4D3E-9B87-617E220605ED}"
EndProject
Global
	GlobalSection(SolutionConfigurationPlatforms) = preSolution
		Debug|Any CPU = Debug|Any CPU
		Release|Any CPU = Release|Any CPU
	EndGlobalSection
	GlobalSection(ProjectConfigurationPlatforms) = postSolution
		{B1A48EA1-92C7-477D-8DFE-549742A22B1F}.Debug|Any CPU.ActiveCfg = Debug|Any CPU
		{B1A48EA1-92C7-477D-8DFE-549742A22B1F}.Debug|Any CPU.Build.0 = Debug|Any CPU
		{B1A48EA1-92C7-477D-8DFE-549742A22B1F}.Release|Any CPU.ActiveCfg = Release|Any CPU
		{B1A48EA1-92C7-477D-8DFE-549742A22B1F}.Release|Any CPU.Build.0 = Release|Any CPU
		{95376F68-B47E-4D3E-9B87-617E220605ED}.Debug|Any CPU.ActiveCfg = Debug|Any CPU
		{95376F68-B47E-4D3E-9B87-617E220605ED}.Debug|Any CPU.Build.0 = Debug|Any CPU
		{95376F68-B47E-4D3E-9B87-617E220605ED}.Release|Any CPU.ActiveCfg = Release|Any CPU
		{95376F68-B47E-4D3E-9B87-617E220605ED}.Release|Any CPU.Build.0 = Release|Any CPU
	EndGlobalSection
	GlobalSection(SolutionProperties) = preSolution
		HideSolutionNode = FALSE
	EndGlobalSection
	GlobalSection(ExtensibilityGlobals) = postSolution
		SolutionGuid = {FEB933AA-A18C-47A2-BFA8-E7F1C4CFCBA6}
	EndGlobalSection
EndGlobal
